// !$*UTF8*$!
{
	archiveVersion = 1;
	classes = {
	};
	objectVersion = 55;
	objects = {

/* Begin PBXBuildFile section */
		C24DE3E228AF4765001128E4 /* MovieDetailDataModel.swift in Sources */ = {isa = PBXBuildFile; fileRef = C24DE3E128AF4765001128E4 /* MovieDetailDataModel.swift */; };
		C24DE3E428AF4858001128E4 /* MovieDetailService.swift in Sources */ = {isa = PBXBuildFile; fileRef = C24DE3E328AF4857001128E4 /* MovieDetailService.swift */; };
		C24DE3E628AF5E76001128E4 /* TrailerVC.swift in Sources */ = {isa = PBXBuildFile; fileRef = C24DE3E528AF5E76001128E4 /* TrailerVC.swift */; };
		C24DE3E928AF691D001128E4 /* Main.storyboard in Resources */ = {isa = PBXBuildFile; fileRef = C24DE3E728AF691D001128E4 /* Main.storyboard */; };
		C24DE3ED28AF8B65001128E4 /* VideoDataModel.swift in Sources */ = {isa = PBXBuildFile; fileRef = C24DE3EC28AF8B65001128E4 /* VideoDataModel.swift */; };
		C24DE3EF28AF8C14001128E4 /* VideoService.swift in Sources */ = {isa = PBXBuildFile; fileRef = C24DE3EE28AF8C14001128E4 /* VideoService.swift */; };
		C25BA3C928ADF3530025713B /* GenericService.swift in Sources */ = {isa = PBXBuildFile; fileRef = C25BA3C828ADF3530025713B /* GenericService.swift */; };
		C25BA3CC28ADF3AF0025713B /* Constants.swift in Sources */ = {isa = PBXBuildFile; fileRef = C25BA3CB28ADF3AF0025713B /* Constants.swift */; };
		C25BA3D128ADF4990025713B /* ParentViewController.swift in Sources */ = {isa = PBXBuildFile; fileRef = C25BA3CF28ADF4990025713B /* ParentViewController.swift */; };
		C25BA3D428ADF6230025713B /* UpcomingMovieService.swift in Sources */ = {isa = PBXBuildFile; fileRef = C25BA3D328ADF6230025713B /* UpcomingMovieService.swift */; };
		C25BA3D728ADF6730025713B /* UpcomingMovieDataModel.swift in Sources */ = {isa = PBXBuildFile; fileRef = C25BA3D628ADF6730025713B /* UpcomingMovieDataModel.swift */; };
		C25BA3D928ADFE760025713B /* UIImageExtension.swift in Sources */ = {isa = PBXBuildFile; fileRef = C25BA3D828ADFE760025713B /* UIImageExtension.swift */; };
		C25BA3DB28AE13010025713B /* MovieDetailVC.swift in Sources */ = {isa = PBXBuildFile; fileRef = C25BA3DA28AE13010025713B /* MovieDetailVC.swift */; };
		C26AF1A528B0B681006B11F6 /* SearchTCell.swift in Sources */ = {isa = PBXBuildFile; fileRef = C26AF1A428B0B681006B11F6 /* SearchTCell.swift */; };
		C26AF1A728B0B6D3006B11F6 /* SearchMovieVC.swift in Sources */ = {isa = PBXBuildFile; fileRef = C26AF1A628B0B6D3006B11F6 /* SearchMovieVC.swift */; };
		C2840D7428ADEDA700F630D0 /* AppDelegate.swift in Sources */ = {isa = PBXBuildFile; fileRef = C2840D7328ADEDA700F630D0 /* AppDelegate.swift */; };
		C2840D7D28ADEDA900F630D0 /* Assets.xcassets in Resources */ = {isa = PBXBuildFile; fileRef = C2840D7C28ADEDA900F630D0 /* Assets.xcassets */; };
		C2840D8028ADEDA900F630D0 /* LaunchScreen.storyboard in Resources */ = {isa = PBXBuildFile; fileRef = C2840D7E28ADEDA900F630D0 /* LaunchScreen.storyboard */; };
		C2840D8828ADEE2500F630D0 /* UpcomingMovieVC.swift in Sources */ = {isa = PBXBuildFile; fileRef = C2840D8728ADEE2500F630D0 /* UpcomingMovieVC.swift */; };
		C2840D8E28ADF0B200F630D0 /* MoviesTCell.swift in Sources */ = {isa = PBXBuildFile; fileRef = C2840D8D28ADF0B200F630D0 /* MoviesTCell.swift */; };
		E61C79841C5C75334943F23B /* Pods_Movie_Search.framework in Frameworks */ = {isa = PBXBuildFile; fileRef = 0AF91A26ED906848EADD8FF0 /* Pods_Movie_Search.framework */; };
/* End PBXBuildFile section */

/* Begin PBXFileReference section */
		0AF91A26ED906848EADD8FF0 /* Pods_Movie_Search.framework */ = {isa = PBXFileReference; explicitFileType = wrapper.framework; includeInIndex = 0; path = Pods_Movie_Search.framework; sourceTree = BUILT_PRODUCTS_DIR; };
		59F38289FB1CAEE537A1F572 /* Pods-Movie Search.release.xcconfig */ = {isa = PBXFileReference; includeInIndex = 1; lastKnownFileType = text.xcconfig; name = "Pods-Movie Search.release.xcconfig"; path = "Target Support Files/Pods-Movie Search/Pods-Movie Search.release.xcconfig"; sourceTree = "<group>"; };
		7D3EC05E1479B5F6480FD037 /* Pods-Movie Search.debug.xcconfig */ = {isa = PBXFileReference; includeInIndex = 1; lastKnownFileType = text.xcconfig; name = "Pods-Movie Search.debug.xcconfig"; path = "Target Support Files/Pods-Movie Search/Pods-Movie Search.debug.xcconfig"; sourceTree = "<group>"; };
		C24DE3E128AF4765001128E4 /* MovieDetailDataModel.swift */ = {isa = PBXFileReference; lastKnownFileType = sourcecode.swift; path = MovieDetailDataModel.swift; sourceTree = "<group>"; };
		C24DE3E328AF4857001128E4 /* MovieDetailService.swift */ = {isa = PBXFileReference; lastKnownFileType = sourcecode.swift; path = MovieDetailService.swift; sourceTree = "<group>"; };
		C24DE3E528AF5E76001128E4 /* TrailerVC.swift */ = {isa = PBXFileReference; lastKnownFileType = sourcecode.swift; path = TrailerVC.swift; sourceTree = "<group>"; };
		C24DE3E828AF691D001128E4 /* Base */ = {isa = PBXFileReference; lastKnownFileType = file.storyboard; name = Base; path = Base.lproj/Main.storyboard; sourceTree = "<group>"; };
		C24DE3EC28AF8B65001128E4 /* VideoDataModel.swift */ = {isa = PBXFileReference; lastKnownFileType = sourcecode.swift; path = VideoDataModel.swift; sourceTree = "<group>"; };
		C24DE3EE28AF8C14001128E4 /* VideoService.swift */ = {isa = PBXFileReference; lastKnownFileType = sourcecode.swift; path = VideoService.swift; sourceTree = "<group>"; };
		C25BA3C828ADF3530025713B /* GenericService.swift */ = {isa = PBXFileReference; fileEncoding = 4; lastKnownFileType = sourcecode.swift; path = GenericService.swift; sourceTree = "<group>"; };
		C25BA3CB28ADF3AF0025713B /* Constants.swift */ = {isa = PBXFileReference; fileEncoding = 4; lastKnownFileType = sourcecode.swift; path = Constants.swift; sourceTree = "<group>"; };
		C25BA3CF28ADF4990025713B /* ParentViewController.swift */ = {isa = PBXFileReference; fileEncoding = 4; lastKnownFileType = sourcecode.swift; path = ParentViewController.swift; sourceTree = "<group>"; };
		C25BA3D328ADF6230025713B /* UpcomingMovieService.swift */ = {isa = PBXFileReference; lastKnownFileType = sourcecode.swift; path = UpcomingMovieService.swift; sourceTree = "<group>"; };
		C25BA3D628ADF6730025713B /* UpcomingMovieDataModel.swift */ = {isa = PBXFileReference; lastKnownFileType = sourcecode.swift; path = UpcomingMovieDataModel.swift; sourceTree = "<group>"; };
		C25BA3D828ADFE760025713B /* UIImageExtension.swift */ = {isa = PBXFileReference; fileEncoding = 4; lastKnownFileType = sourcecode.swift; path = UIImageExtension.swift; sourceTree = "<group>"; };
		C25BA3DA28AE13010025713B /* MovieDetailVC.swift */ = {isa = PBXFileReference; lastKnownFileType = sourcecode.swift; path = MovieDetailVC.swift; sourceTree = "<group>"; };
		C26AF1A428B0B681006B11F6 /* SearchTCell.swift */ = {isa = PBXFileReference; lastKnownFileType = sourcecode.swift; path = SearchTCell.swift; sourceTree = "<group>"; };
		C26AF1A628B0B6D3006B11F6 /* SearchMovieVC.swift */ = {isa = PBXFileReference; lastKnownFileType = sourcecode.swift; path = SearchMovieVC.swift; sourceTree = "<group>"; };
		C2840D7028ADEDA700F630D0 /* Movie Search.app */ = {isa = PBXFileReference; explicitFileType = wrapper.application; includeInIndex = 0; path = "Movie Search.app"; sourceTree = BUILT_PRODUCTS_DIR; };
		C2840D7328ADEDA700F630D0 /* AppDelegate.swift */ = {isa = PBXFileReference; lastKnownFileType = sourcecode.swift; path = AppDelegate.swift; sourceTree = "<group>"; };
		C2840D7C28ADEDA900F630D0 /* Assets.xcassets */ = {isa = PBXFileReference; lastKnownFileType = folder.assetcatalog; path = Assets.xcassets; sourceTree = "<group>"; };
		C2840D7F28ADEDA900F630D0 /* Base */ = {isa = PBXFileReference; lastKnownFileType = file.storyboard; name = Base; path = Base.lproj/LaunchScreen.storyboard; sourceTree = "<group>"; };
		C2840D8128ADEDA900F630D0 /* Info.plist */ = {isa = PBXFileReference; lastKnownFileType = text.plist.xml; path = Info.plist; sourceTree = "<group>"; };
		C2840D8728ADEE2500F630D0 /* UpcomingMovieVC.swift */ = {isa = PBXFileReference; lastKnownFileType = sourcecode.swift; path = UpcomingMovieVC.swift; sourceTree = "<group>"; };
		C2840D8D28ADF0B200F630D0 /* MoviesTCell.swift */ = {isa = PBXFileReference; lastKnownFileType = sourcecode.swift; path = MoviesTCell.swift; sourceTree = "<group>"; };
/* End PBXFileReference section */

/* Begin PBXFrameworksBuildPhase section */
		C2840D6D28ADEDA700F630D0 /* Frameworks */ = {
			isa = PBXFrameworksBuildPhase;
			buildActionMask = 2147483647;
			files = (
				E61C79841C5C75334943F23B /* Pods_Movie_Search.framework in Frameworks */,
			);
			runOnlyForDeploymentPostprocessing = 0;
		};
/* End PBXFrameworksBuildPhase section */

/* Begin PBXGroup section */
		0A3BF906D492A7B8C9E76D3A /* Frameworks */ = {
			isa = PBXGroup;
			children = (
				0AF91A26ED906848EADD8FF0 /* Pods_Movie_Search.framework */,
			);
			name = Frameworks;
			sourceTree = "<group>";
		};
		C25BA3C528ADF32F0025713B /* AppEngine */ = {
			isa = PBXGroup;
			children = (
				C25BA3D528ADF6590025713B /* Objects */,
				C25BA3C628ADF3420025713B /* Services */,
			);
			path = AppEngine;
			sourceTree = "<group>";
		};
		C25BA3C628ADF3420025713B /* Services */ = {
			isa = PBXGroup;
			children = (
				C25BA3C728ADF3530025713B /* Generic Service */,
				C25BA3D228ADF5D60025713B /* UpcomingMovieService */,
			);
			path = Services;
			sourceTree = "<group>";
		};
		C25BA3C728ADF3530025713B /* Generic Service */ = {
			isa = PBXGroup;
			children = (
				C25BA3C828ADF3530025713B /* GenericService.swift */,
			);
			path = "Generic Service";
			sourceTree = "<group>";
		};
		C25BA3CA28ADF39D0025713B /* HelperFile */ = {
			isa = PBXGroup;
			children = (
				C25BA3CB28ADF3AF0025713B /* Constants.swift */,
				C25BA3D828ADFE760025713B /* UIImageExtension.swift */,
			);
			path = HelperFile;
			sourceTree = "<group>";
		};
		C25BA3CD28ADF4990025713B /* Parent View Controllers */ = {
			isa = PBXGroup;
			children = (
				C25BA3CF28ADF4990025713B /* ParentViewController.swift */,
			);
			path = "Parent View Controllers";
			sourceTree = "<group>";
		};
		C25BA3D228ADF5D60025713B /* UpcomingMovieService */ = {
			isa = PBXGroup;
			children = (
				C25BA3D328ADF6230025713B /* UpcomingMovieService.swift */,
				C24DE3E328AF4857001128E4 /* MovieDetailService.swift */,
				C24DE3EE28AF8C14001128E4 /* VideoService.swift */,
			);
			path = UpcomingMovieService;
			sourceTree = "<group>";
		};
		C25BA3D528ADF6590025713B /* Objects */ = {
			isa = PBXGroup;
			children = (
				C25BA3D628ADF6730025713B /* UpcomingMovieDataModel.swift */,
				C24DE3E128AF4765001128E4 /* MovieDetailDataModel.swift */,
				C24DE3EC28AF8B65001128E4 /* VideoDataModel.swift */,
			);
			path = Objects;
			sourceTree = "<group>";
		};
		C2840D6728ADEDA700F630D0 = {
			isa = PBXGroup;
			children = (
				C2840D7228ADEDA700F630D0 /* Movie Search */,
				C2840D7128ADEDA700F630D0 /* Products */,
				ED4A09CE03131705D23636A2 /* Pods */,
				0A3BF906D492A7B8C9E76D3A /* Frameworks */,
			);
			sourceTree = "<group>";
		};
		C2840D7128ADEDA700F630D0 /* Products */ = {
			isa = PBXGroup;
			children = (
				C2840D7028ADEDA700F630D0 /* Movie Search.app */,
			);
			name = Products;
			sourceTree = "<group>";
		};
		C2840D7228ADEDA700F630D0 /* Movie Search */ = {
			isa = PBXGroup;
			children = (
				C2840D8928ADEE2B00F630D0 /* Delegate */,
				C2840D8B28ADEE5B00F630D0 /* Storyboard */,
				C2840D8A28ADEE3F00F630D0 /* Controllers */,
				C25BA3CA28ADF39D0025713B /* HelperFile */,
				C2840D8C28ADF08100F630D0 /* TableviewCells */,
				C25BA3C528ADF32F0025713B /* AppEngine */,
				C2840D7C28ADEDA900F630D0 /* Assets.xcassets */,
				C2840D8128ADEDA900F630D0 /* Info.plist */,
			);
			path = "Movie Search";
			sourceTree = "<group>";
		};
		C2840D8928ADEE2B00F630D0 /* Delegate */ = {
			isa = PBXGroup;
			children = (
				C2840D7328ADEDA700F630D0 /* AppDelegate.swift */,
			);
			path = Delegate;
			sourceTree = "<group>";
		};
		C2840D8A28ADEE3F00F630D0 /* Controllers */ = {
			isa = PBXGroup;
			children = (
				C25BA3CD28ADF4990025713B /* Parent View Controllers */,
				C2840D8728ADEE2500F630D0 /* UpcomingMovieVC.swift */,
				C25BA3DA28AE13010025713B /* MovieDetailVC.swift */,
				C24DE3E528AF5E76001128E4 /* TrailerVC.swift */,
				C26AF1A628B0B6D3006B11F6 /* SearchMovieVC.swift */,
			);
			path = Controllers;
			sourceTree = "<group>";
		};
		C2840D8B28ADEE5B00F630D0 /* Storyboard */ = {
			isa = PBXGroup;
			children = (
				C2840D7E28ADEDA900F630D0 /* LaunchScreen.storyboard */,
				C24DE3E728AF691D001128E4 /* Main.storyboard */,
			);
			path = Storyboard;
			sourceTree = "<group>";
		};
		C2840D8C28ADF08100F630D0 /* TableviewCells */ = {
			isa = PBXGroup;
			children = (
				C2840D8D28ADF0B200F630D0 /* MoviesTCell.swift */,
				C26AF1A428B0B681006B11F6 /* SearchTCell.swift */,
			);
			path = TableviewCells;
			sourceTree = "<group>";
		};
		ED4A09CE03131705D23636A2 /* Pods */ = {
			isa = PBXGroup;
			children = (
				7D3EC05E1479B5F6480FD037 /* Pods-Movie Search.debug.xcconfig */,
				59F38289FB1CAEE537A1F572 /* Pods-Movie Search.release.xcconfig */,
			);
			path = Pods;
			sourceTree = "<group>";
		};
/* End PBXGroup section */

/* Begin PBXNativeTarget section */
		C2840D6F28ADEDA700F630D0 /* Movie Search */ = {
			isa = PBXNativeTarget;
			buildConfigurationList = C2840D8428ADEDA900F630D0 /* Build configuration list for PBXNativeTarget "Movie Search" */;
			buildPhases = (
				4ECF6C39B764E2AFC486EB50 /* [CP] Check Pods Manifest.lock */,
				C2840D6C28ADEDA700F630D0 /* Sources */,
				C2840D6D28ADEDA700F630D0 /* Frameworks */,
				C2840D6E28ADEDA700F630D0 /* Resources */,
				80988F67965D541516B0C6AC /* [CP] Embed Pods Frameworks */,
			);
			buildRules = (
			);
			dependencies = (
			);
			name = "Movie Search";
			productName = "Movie Search";
			productReference = C2840D7028ADEDA700F630D0 /* Movie Search.app */;
			productType = "com.apple.product-type.application";
		};
/* End PBXNativeTarget section */

/* Begin PBXProject section */
		C2840D6828ADEDA700F630D0 /* Project object */ = {
			isa = PBXProject;
			attributes = {
				BuildIndependentTargetsInParallel = 1;
				LastSwiftUpdateCheck = 1320;
				LastUpgradeCheck = 1320;
				TargetAttributes = {
					C2840D6F28ADEDA700F630D0 = {
						CreatedOnToolsVersion = 13.2.1;
					};
				};
			};
			buildConfigurationList = C2840D6B28ADEDA700F630D0 /* Build configuration list for PBXProject "Movie Search" */;
			compatibilityVersion = "Xcode 13.0";
			developmentRegion = en;
			hasScannedForEncodings = 0;
			knownRegions = (
				en,
				Base,
			);
			mainGroup = C2840D6728ADEDA700F630D0;
			productRefGroup = C2840D7128ADEDA700F630D0 /* Products */;
			projectDirPath = "";
			projectRoot = "";
			targets = (
				C2840D6F28ADEDA700F630D0 /* Movie Search */,
			);
		};
/* End PBXProject section */

/* Begin PBXResourcesBuildPhase section */
		C2840D6E28ADEDA700F630D0 /* Resources */ = {
			isa = PBXResourcesBuildPhase;
			buildActionMask = 2147483647;
			files = (
				C24DE3E928AF691D001128E4 /* Main.storyboard in Resources */,
				C2840D8028ADEDA900F630D0 /* LaunchScreen.storyboard in Resources */,
				C2840D7D28ADEDA900F630D0 /* Assets.xcassets in Resources */,
			);
			runOnlyForDeploymentPostprocessing = 0;
		};
/* End PBXResourcesBuildPhase section */

/* Begin PBXShellScriptBuildPhase section */
		4ECF6C39B764E2AFC486EB50 /* [CP] Check Pods Manifest.lock */ = {
			isa = PBXShellScriptBuildPhase;
			buildActionMask = 2147483647;
			files = (
			);
			inputFileListPaths = (
			);
			inputPaths = (
				"${PODS_PODFILE_DIR_PATH}/Podfile.lock",
				"${PODS_ROOT}/Manifest.lock",
			);
			name = "[CP] Check Pods Manifest.lock";
			outputFileListPaths = (
			);
			outputPaths = (
				"$(DERIVED_FILE_DIR)/Pods-Movie Search-checkManifestLockResult.txt",
			);
			runOnlyForDeploymentPostprocessing = 0;
			shellPath = /bin/sh;
			shellScript = "diff \"${PODS_PODFILE_DIR_PATH}/Podfile.lock\" \"${PODS_ROOT}/Manifest.lock\" > /dev/null\nif [ $? != 0 ] ; then\n    # print error to STDERR\n    echo \"error: The sandbox is not in sync with the Podfile.lock. Run 'pod install' or update your CocoaPods installation.\" >&2\n    exit 1\nfi\n# This output is used by Xcode 'outputs' to avoid re-running this script phase.\necho \"SUCCESS\" > \"${SCRIPT_OUTPUT_FILE_0}\"\n";
			showEnvVarsInLog = 0;
		};
		80988F67965D541516B0C6AC /* [CP] Embed Pods Frameworks */ = {
			isa = PBXShellScriptBuildPhase;
			buildActionMask = 2147483647;
			files = (
			);
			inputFileListPaths = (
				"${PODS_ROOT}/Target Support Files/Pods-Movie Search/Pods-Movie Search-frameworks-${CONFIGURATION}-input-files.xcfilelist",
			);
			name = "[CP] Embed Pods Frameworks";
			outputFileListPaths = (
				"${PODS_ROOT}/Target Support Files/Pods-Movie Search/Pods-Movie Search-frameworks-${CONFIGURATION}-output-files.xcfilelist",
			);
			runOnlyForDeploymentPostprocessing = 0;
			shellPath = /bin/sh;
			shellScript = "\"${PODS_ROOT}/Target Support Files/Pods-Movie Search/Pods-Movie Search-frameworks.sh\"\n";
			showEnvVarsInLog = 0;
		};
/* End PBXShellScriptBuildPhase section */

/* Begin PBXSourcesBuildPhase section */
		C2840D6C28ADEDA700F630D0 /* Sources */ = {
			isa = PBXSourcesBuildPhase;
			buildActionMask = 2147483647;
			files = (
				C24DE3E628AF5E76001128E4 /* TrailerVC.swift in Sources */,
				C24DE3EF28AF8C14001128E4 /* VideoService.swift in Sources */,
				C2840D7428ADEDA700F630D0 /* AppDelegate.swift in Sources */,
				C25BA3D428ADF6230025713B /* UpcomingMovieService.swift in Sources */,
				C24DE3E428AF4858001128E4 /* MovieDetailService.swift in Sources */,
				C2840D8828ADEE2500F630D0 /* UpcomingMovieVC.swift in Sources */,
				C25BA3D928ADFE760025713B /* UIImageExtension.swift in Sources */,
				C24DE3ED28AF8B65001128E4 /* VideoDataModel.swift in Sources */,
				C26AF1A528B0B681006B11F6 /* SearchTCell.swift in Sources */,
				C25BA3D728ADF6730025713B /* UpcomingMovieDataModel.swift in Sources */,
				C25BA3C928ADF3530025713B /* GenericService.swift in Sources */,
				C24DE3E228AF4765001128E4 /* MovieDetailDataModel.swift in Sources */,
				C2840D8E28ADF0B200F630D0 /* MoviesTCell.swift in Sources */,
				C25BA3D128ADF4990025713B /* ParentViewController.swift in Sources */,
				C26AF1A728B0B6D3006B11F6 /* SearchMovieVC.swift in Sources */,
				C25BA3DB28AE13010025713B /* MovieDetailVC.swift in Sources */,
				C25BA3CC28ADF3AF0025713B /* Constants.swift in Sources */,
			);
			runOnlyForDeploymentPostprocessing = 0;
		};
/* End PBXSourcesBuildPhase section */

/* Begin PBXVariantGroup section */
		C24DE3E728AF691D001128E4 /* Main.storyboard */ = {
			isa = PBXVariantGroup;
			children = (
				C24DE3E828AF691D001128E4 /* Base */,
			);
			name = Main.storyboard;
			sourceTree = "<group>";
		};
		C2840D7E28ADEDA900F630D0 /* LaunchScreen.storyboard */ = {
			isa = PBXVariantGroup;
			children = (
				C2840D7F28ADEDA900F630D0 /* Base */,
			);
			name = LaunchScreen.storyboard;
			sourceTree = "<group>";
		};
/* End PBXVariantGroup section */

/* Begin XCBuildConfiguration section */
		C2840D8228ADEDA900F630D0 /* Debug */ = {
			isa = XCBuildConfiguration;
			buildSettings = {
				ALWAYS_SEARCH_USER_PATHS = NO;
				CLANG_ANALYZER_NONNULL = YES;
				CLANG_ANALYZER_NUMBER_OBJECT_CONVERSION = YES_AGGRESSIVE;
				CLANG_CXX_LANGUAGE_STANDARD = "gnu++17";
				CLANG_CXX_LIBRARY = "libc++";
				CLANG_ENABLE_MODULES = YES;
				CLANG_ENABLE_OBJC_ARC = YES;
				CLANG_ENABLE_OBJC_WEAK = YES;
				CLANG_WARN_BLOCK_CAPTURE_AUTORELEASING = YES;
				CLANG_WARN_BOOL_CONVERSION = YES;
				CLANG_WARN_COMMA = YES;
				CLANG_WARN_CONSTANT_CONVERSION = YES;
				CLANG_WARN_DEPRECATED_OBJC_IMPLEMENTATIONS = YES;
				CLANG_WARN_DIRECT_OBJC_ISA_USAGE = YES_ERROR;
				CLANG_WARN_DOCUMENTATION_COMMENTS = YES;
				CLANG_WARN_EMPTY_BODY = YES;
				CLANG_WARN_ENUM_CONVERSION = YES;
				CLANG_WARN_INFINITE_RECURSION = YES;
				CLANG_WARN_INT_CONVERSION = YES;
				CLANG_WARN_NON_LITERAL_NULL_CONVERSION = YES;
				CLANG_WARN_OBJC_IMPLICIT_RETAIN_SELF = YES;
				CLANG_WARN_OBJC_LITERAL_CONVERSION = YES;
				CLANG_WARN_OBJC_ROOT_CLASS = YES_ERROR;
				CLANG_WARN_QUOTED_INCLUDE_IN_FRAMEWORK_HEADER = YES;
				CLANG_WARN_RANGE_LOOP_ANALYSIS = YES;
				CLANG_WARN_STRICT_PROTOTYPES = YES;
				CLANG_WARN_SUSPICIOUS_MOVE = YES;
				CLANG_WARN_UNGUARDED_AVAILABILITY = YES_AGGRESSIVE;
				CLANG_WARN_UNREACHABLE_CODE = YES;
				CLANG_WARN__DUPLICATE_METHOD_MATCH = YES;
				COPY_PHASE_STRIP = NO;
				DEBUG_INFORMATION_FORMAT = dwarf;
				ENABLE_STRICT_OBJC_MSGSEND = YES;
				ENABLE_TESTABILITY = YES;
				GCC_C_LANGUAGE_STANDARD = gnu11;
				GCC_DYNAMIC_NO_PIC = NO;
				GCC_NO_COMMON_BLOCKS = YES;
				GCC_OPTIMIZATION_LEVEL = 0;
				GCC_PREPROCESSOR_DEFINITIONS = (
					"DEBUG=1",
					"$(inherited)",
				);
				GCC_WARN_64_TO_32_BIT_CONVERSION = YES;
				GCC_WARN_ABOUT_RETURN_TYPE = YES_ERROR;
				GCC_WARN_UNDECLARED_SELECTOR = YES;
				GCC_WARN_UNINITIALIZED_AUTOS = YES_AGGRESSIVE;
				GCC_WARN_UNUSED_FUNCTION = YES;
				GCC_WARN_UNUSED_VARIABLE = YES;
				IPHONEOS_DEPLOYMENT_TARGET = 15.2;
				MTL_ENABLE_DEBUG_INFO = INCLUDE_SOURCE;
				MTL_FAST_MATH = YES;
				ONLY_ACTIVE_ARCH = YES;
				SDKROOT = iphoneos;
				SWIFT_ACTIVE_COMPILATION_CONDITIONS = DEBUG;
				SWIFT_OPTIMIZATION_LEVEL = "-Onone";
			};
			name = Debug;
		};
		C2840D8328ADEDA900F630D0 /* Release */ = {
			isa = XCBuildConfiguration;
			buildSettings = {
				ALWAYS_SEARCH_USER_PATHS = NO;
				CLANG_ANALYZER_NONNULL = YES;
				CLANG_ANALYZER_NUMBER_OBJECT_CONVERSION = YES_AGGRESSIVE;
				CLANG_CXX_LANGUAGE_STANDARD = "gnu++17";
				CLANG_CXX_LIBRARY = "libc++";
				CLANG_ENABLE_MODULES = YES;
				CLANG_ENABLE_OBJC_ARC = YES;
				CLANG_ENABLE_OBJC_WEAK = YES;
				CLANG_WARN_BLOCK_CAPTURE_AUTORELEASING = YES;
				CLANG_WARN_BOOL_CONVERSION = YES;
				CLANG_WARN_COMMA = YES;
				CLANG_WARN_CONSTANT_CONVERSION = YES;
				CLANG_WARN_DEPRECATED_OBJC_IMPLEMENTATIONS = YES;
				CLANG_WARN_DIRECT_OBJC_ISA_USAGE = YES_ERROR;
				CLANG_WARN_DOCUMENTATION_COMMENTS = YES;
				CLANG_WARN_EMPTY_BODY = YES;
				CLANG_WARN_ENUM_CONVERSION = YES;
				CLANG_WARN_INFINITE_RECURSION = YES;
				CLANG_WARN_INT_CONVERSION = YES;
				CLANG_WARN_NON_LITERAL_NULL_CONVERSION = YES;
				CLANG_WARN_OBJC_IMPLICIT_RETAIN_SELF = YES;
				CLANG_WARN_OBJC_LITERAL_CONVERSION = YES;
				CLANG_WARN_OBJC_ROOT_CLASS = YES_ERROR;
				CLANG_WARN_QUOTED_INCLUDE_IN_FRAMEWORK_HEADER = YES;
				CLANG_WARN_RANGE_LOOP_ANALYSIS = YES;
				CLANG_WARN_STRICT_PROTOTYPES = YES;
				CLANG_WARN_SUSPICIOUS_MOVE = YES;
				CLANG_WARN_UNGUARDED_AVAILABILITY = YES_AGGRESSIVE;
				CLANG_WARN_UNREACHABLE_CODE = YES;
				CLANG_WARN__DUPLICATE_METHOD_MATCH = YES;
				COPY_PHASE_STRIP = NO;
				DEBUG_INFORMATION_FORMAT = "dwarf-with-dsym";
				ENABLE_NS_ASSERTIONS = NO;
				ENABLE_STRICT_OBJC_MSGSEND = YES;
				GCC_C_LANGUAGE_STANDARD = gnu11;
				GCC_NO_COMMON_BLOCKS = YES;
				GCC_WARN_64_TO_32_BIT_CONVERSION = YES;
				GCC_WARN_ABOUT_RETURN_TYPE = YES_ERROR;
				GCC_WARN_UNDECLARED_SELECTOR = YES;
				GCC_WARN_UNINITIALIZED_AUTOS = YES_AGGRESSIVE;
				GCC_WARN_UNUSED_FUNCTION = YES;
				GCC_WARN_UNUSED_VARIABLE = YES;
				IPHONEOS_DEPLOYMENT_TARGET = 15.2;
				MTL_ENABLE_DEBUG_INFO = NO;
				MTL_FAST_MATH = YES;
				SDKROOT = iphoneos;
				SWIFT_COMPILATION_MODE = wholemodule;
				SWIFT_OPTIMIZATION_LEVEL = "-O";
				VALIDATE_PRODUCT = YES;
			};
			name = Release;
		};
		C2840D8528ADEDA900F630D0 /* Debug */ = {
			isa = XCBuildConfiguration;
			baseConfigurationReference = 7D3EC05E1479B5F6480FD037 /* Pods-Movie Search.debug.xcconfig */;
			buildSettings = {
				ASSETCATALOG_COMPILER_APPICON_NAME = AppIcon;
				ASSETCATALOG_COMPILER_GLOBAL_ACCENT_COLOR_NAME = AccentColor;
				CODE_SIGN_STYLE = Automatic;
				CURRENT_PROJECT_VERSION = 1;
				GENERATE_INFOPLIST_FILE = YES;
				INFOPLIST_FILE = "Movie Search/Info.plist";
				INFOPLIST_KEY_UIApplicationSupportsIndirectInputEvents = YES;
				INFOPLIST_KEY_UILaunchStoryboardName = LaunchScreen;
				INFOPLIST_KEY_UIMainStoryboardFile = Main;
				INFOPLIST_KEY_UISupportedInterfaceOrientations = UIInterfaceOrientationPortrait;
				INFOPLIST_KEY_UISupportedInterfaceOrientations_iPad = "UIInterfaceOrientationPortrait UIInterfaceOrientationPortraitUpsideDown UIInterfaceOrientationLandscapeLeft UIInterfaceOrientationLandscapeRight";
				INFOPLIST_KEY_UISupportedInterfaceOrientations_iPhone = "UIInterfaceOrientationPortrait UIInterfaceOrientationLandscapeLeft UIInterfaceOrientationLandscapeRight";
				IPHONEOS_DEPLOYMENT_TARGET = 11.0;
				LD_RUNPATH_SEARCH_PATHS = (
					"$(inherited)",
					"@executable_path/Frameworks",
				);
				MARKETING_VERSION = 1.0;
				PRODUCT_BUNDLE_IDENTIFIER = "com.Test.Movie-Search";
				PRODUCT_NAME = "$(TARGET_NAME)";
				SWIFT_EMIT_LOC_STRINGS = YES;
				SWIFT_VERSION = 5.0;
				TARGETED_DEVICE_FAMILY = "1,2";
			};
			name = Debug;
		};
		C2840D8628ADEDA900F630D0 /* Release */ = {
			isa = XCBuildConfiguration;
			baseConfigurationReference = 59F38289FB1CAEE537A1F572 /* Pods-Movie Search.release.xcconfig */;
			buildSettings = {
				ASSETCATALOG_COMPILER_APPICON_NAME = AppIcon;
				ASSETCATALOG_COMPILER_GLOBAL_ACCENT_COLOR_NAME = AccentColor;
				CODE_SIGN_STYLE = Automatic;
				CURRENT_PROJECT_VERSION = 1;
				GENERATE_INFOPLIST_FILE = YES;
				INFOPLIST_FILE = "Movie Search/Info.plist";
				INFOPLIST_KEY_UIApplicationSupportsIndirectInputEvents = YES;
				INFOPLIST_KEY_UILaunchStoryboardName = LaunchScreen;
				INFOPLIST_KEY_UIMainStoryboardFile = Main;
				INFOPLIST_KEY_UISupportedInterfaceOrientations = UIInterfaceOrientationPortrait;
				INFOPLIST_KEY_UISupportedInterfaceOrientations_iPad = "UIInterfaceOrientationPortrait UIInterfaceOrientationPortraitUpsideDown UIInterfaceOrientationLandscapeLeft UIInterfaceOrientationLandscapeRight";
				INFOPLIST_KEY_UISupportedInterfaceOrientations_iPhone = "UIInterfaceOrientationPortrait UIInterfaceOrientationLandscapeLeft UIInterfaceOrientationLandscapeRight";
				IPHONEOS_DEPLOYMENT_TARGET = 11.0;
				LD_RUNPATH_SEARCH_PATHS = (
					"$(inherited)",
					"@executable_path/Frameworks",
				);
				MARKETING_VERSION = 1.0;
				PRODUCT_BUNDLE_IDENTIFIER = "com.Test.Movie-Search";
				PRODUCT_NAME = "$(TARGET_NAME)";
				SWIFT_EMIT_LOC_STRINGS = YES;
				SWIFT_VERSION = 5.0;
				TARGETED_DEVICE_FAMILY = "1,2";
			};
			name = Release;
		};
/* End XCBuildConfiguration section */

/* Begin XCConfigurationList section */
		C2840D6B28ADEDA700F630D0 /* Build configuration list for PBXProject "Movie Search" */ = {
			isa = XCConfigurationList;
			buildConfigurations = (
				C2840D8228ADEDA900F630D0 /* Debug */,
				C2840D8328ADEDA900F630D0 /* Release */,
			);
			defaultConfigurationIsVisible = 0;
			defaultConfigurationName = Release;
		};
		C2840D8428ADEDA900F630D0 /* Build configuration list for PBXNativeTarget "Movie Search" */ = {
			isa = XCConfigurationList;
			buildConfigurations = (
				C2840D8528ADEDA900F630D0 /* Debug */,
				C2840D8628ADEDA900F630D0 /* Release */,
			);
			defaultConfigurationIsVisible = 0;
			defaultConfigurationName = Release;
		};
/* End XCConfigurationList section */
	};
	rootObject = C2840D6828ADEDA700F630D0 /* Project object */;
}
